// !$*UTF8*$!
{
	archiveVersion = 1;
	classes = {
	};
	objectVersion = 55;
	objects = {

/* Begin PBXBuildFile section */
		2A38FF4C27B74B6500292305 /* MoviesViewController.swift in Sources */ = {isa = PBXBuildFile; fileRef = 2A38FF4B27B74B6500292305 /* MoviesViewController.swift */; };
		2A38FF4E27B74B9700292305 /* MovieDetailViewController.swift in Sources */ = {isa = PBXBuildFile; fileRef = 2A38FF4D27B74B9700292305 /* MovieDetailViewController.swift */; };
		2A49070F27B8C1B10046FE3B /* MoviewTableViewCell.swift in Sources */ = {isa = PBXBuildFile; fileRef = 2A49070E27B8C1B10046FE3B /* MoviewTableViewCell.swift */; };
		2A49071127B9622C0046FE3B /* CombineNetworkManager.swift in Sources */ = {isa = PBXBuildFile; fileRef = 2A49071027B9622C0046FE3B /* CombineNetworkManager.swift */; };
		2A49071327B962400046FE3B /* NetworkUrls.swift in Sources */ = {isa = PBXBuildFile; fileRef = 2A49071227B962400046FE3B /* NetworkUrls.swift */; };
		2A49071527B965470046FE3B /* ViewModelCombine.swift in Sources */ = {isa = PBXBuildFile; fileRef = 2A49071427B965470046FE3B /* ViewModelCombine.swift */; };
		2A49071727B965720046FE3B /* MovieModel.swift in Sources */ = {isa = PBXBuildFile; fileRef = 2A49071627B965720046FE3B /* MovieModel.swift */; };
		2A49072127B97E930046FE3B /* UIImageExtension.swift in Sources */ = {isa = PBXBuildFile; fileRef = 2A49072027B97E930046FE3B /* UIImageExtension.swift */; };
		2AAC1BFC27B700400021A7E5 /* AppDelegate.swift in Sources */ = {isa = PBXBuildFile; fileRef = 2AAC1BFB27B700400021A7E5 /* AppDelegate.swift */; };
		2AAC1BFE27B700400021A7E5 /* SceneDelegate.swift in Sources */ = {isa = PBXBuildFile; fileRef = 2AAC1BFD27B700400021A7E5 /* SceneDelegate.swift */; };
		2AAC1C0027B700400021A7E5 /* InitialViewController.swift in Sources */ = {isa = PBXBuildFile; fileRef = 2AAC1BFF27B700400021A7E5 /* InitialViewController.swift */; };
		2AAC1C0627B700400021A7E5 /* MACAQ_HQ.xcdatamodeld in Sources */ = {isa = PBXBuildFile; fileRef = 2AAC1C0427B700400021A7E5 /* MACAQ_HQ.xcdatamodeld */; };
		2AAC1C0827B700420021A7E5 /* Assets.xcassets in Resources */ = {isa = PBXBuildFile; fileRef = 2AAC1C0727B700420021A7E5 /* Assets.xcassets */; };
		2AAC1C0B27B700420021A7E5 /* LaunchScreen.storyboard in Resources */ = {isa = PBXBuildFile; fileRef = 2AAC1C0927B700420021A7E5 /* LaunchScreen.storyboard */; };
		2AAC1C1627B700420021A7E5 /* MACAQ_HQTests.swift in Sources */ = {isa = PBXBuildFile; fileRef = 2AAC1C1527B700420021A7E5 /* MACAQ_HQTests.swift */; };
		2AAC1C2027B700430021A7E5 /* MACAQ_HQUITests.swift in Sources */ = {isa = PBXBuildFile; fileRef = 2AAC1C1F27B700430021A7E5 /* MACAQ_HQUITests.swift */; };
		2AAC1C2227B700430021A7E5 /* MACAQ_HQUITestsLaunchTests.swift in Sources */ = {isa = PBXBuildFile; fileRef = 2AAC1C2127B700430021A7E5 /* MACAQ_HQUITestsLaunchTests.swift */; };
		2AB3EF7127BAFBA5005AE044 /* CombineExtension.swift in Sources */ = {isa = PBXBuildFile; fileRef = 2AB3EF7027BAFBA5005AE044 /* CombineExtension.swift */; };
		2AEA9D1627BD4811001560F7 /* ProductionModel.swift in Sources */ = {isa = PBXBuildFile; fileRef = 2AEA9D1527BD4811001560F7 /* ProductionModel.swift */; };
		2AEA9D1827BD4A55001560F7 /* CompletionNetworkManager.swift in Sources */ = {isa = PBXBuildFile; fileRef = 2AEA9D1727BD4A55001560F7 /* CompletionNetworkManager.swift */; };
		2AEA9D1A27BD4A7A001560F7 /* NetworkError.swift in Sources */ = {isa = PBXBuildFile; fileRef = 2AEA9D1927BD4A7A001560F7 /* NetworkError.swift */; };
		2AEA9D1C27BD5106001560F7 /* ViewModelCompletion.swift in Sources */ = {isa = PBXBuildFile; fileRef = 2AEA9D1B27BD5106001560F7 /* ViewModelCompletion.swift */; };
		2AEA9D1E27BD73DB001560F7 /* ProductionCompanyCollectionViewCell.swift in Sources */ = {isa = PBXBuildFile; fileRef = 2AEA9D1D27BD73DB001560F7 /* ProductionCompanyCollectionViewCell.swift */; };
/* End PBXBuildFile section */

/* Begin PBXContainerItemProxy section */
		2AAC1C1227B700420021A7E5 /* PBXContainerItemProxy */ = {
			isa = PBXContainerItemProxy;
			containerPortal = 2AAC1BF027B700400021A7E5 /* Project object */;
			proxyType = 1;
			remoteGlobalIDString = 2AAC1BF727B700400021A7E5;
			remoteInfo = "MACAQ-HQ";
		};
		2AAC1C1C27B700420021A7E5 /* PBXContainerItemProxy */ = {
			isa = PBXContainerItemProxy;
			containerPortal = 2AAC1BF027B700400021A7E5 /* Project object */;
			proxyType = 1;
			remoteGlobalIDString = 2AAC1BF727B700400021A7E5;
			remoteInfo = "MACAQ-HQ";
		};
/* End PBXContainerItemProxy section */

/* Begin PBXFileReference section */
		2A38FF4B27B74B6500292305 /* MoviesViewController.swift */ = {isa = PBXFileReference; lastKnownFileType = sourcecode.swift; path = MoviesViewController.swift; sourceTree = "<group>"; };
		2A38FF4D27B74B9700292305 /* MovieDetailViewController.swift */ = {isa = PBXFileReference; lastKnownFileType = sourcecode.swift; path = MovieDetailViewController.swift; sourceTree = "<group>"; };
		2A49070E27B8C1B10046FE3B /* MoviewTableViewCell.swift */ = {isa = PBXFileReference; lastKnownFileType = sourcecode.swift; path = MoviewTableViewCell.swift; sourceTree = "<group>"; };
		2A49071027B9622C0046FE3B /* CombineNetworkManager.swift */ = {isa = PBXFileReference; lastKnownFileType = sourcecode.swift; path = CombineNetworkManager.swift; sourceTree = "<group>"; };
		2A49071227B962400046FE3B /* NetworkUrls.swift */ = {isa = PBXFileReference; lastKnownFileType = sourcecode.swift; path = NetworkUrls.swift; sourceTree = "<group>"; };
		2A49071427B965470046FE3B /* ViewModelCombine.swift */ = {isa = PBXFileReference; lastKnownFileType = sourcecode.swift; path = ViewModelCombine.swift; sourceTree = "<group>"; };
		2A49071627B965720046FE3B /* MovieModel.swift */ = {isa = PBXFileReference; lastKnownFileType = sourcecode.swift; path = MovieModel.swift; sourceTree = "<group>"; };
		2A49072027B97E930046FE3B /* UIImageExtension.swift */ = {isa = PBXFileReference; lastKnownFileType = sourcecode.swift; path = UIImageExtension.swift; sourceTree = "<group>"; };
		2AAC1BF827B700400021A7E5 /* MACAQ-HQ.app */ = {isa = PBXFileReference; explicitFileType = wrapper.application; includeInIndex = 0; path = "MACAQ-HQ.app"; sourceTree = BUILT_PRODUCTS_DIR; };
		2AAC1BFB27B700400021A7E5 /* AppDelegate.swift */ = {isa = PBXFileReference; lastKnownFileType = sourcecode.swift; path = AppDelegate.swift; sourceTree = "<group>"; };
		2AAC1BFD27B700400021A7E5 /* SceneDelegate.swift */ = {isa = PBXFileReference; lastKnownFileType = sourcecode.swift; path = SceneDelegate.swift; sourceTree = "<group>"; };
		2AAC1BFF27B700400021A7E5 /* InitialViewController.swift */ = {isa = PBXFileReference; lastKnownFileType = sourcecode.swift; path = InitialViewController.swift; sourceTree = "<group>"; };
		2AAC1C0527B700400021A7E5 /* MACAQ_HQ.xcdatamodel */ = {isa = PBXFileReference; lastKnownFileType = wrapper.xcdatamodel; path = MACAQ_HQ.xcdatamodel; sourceTree = "<group>"; };
		2AAC1C0727B700420021A7E5 /* Assets.xcassets */ = {isa = PBXFileReference; lastKnownFileType = folder.assetcatalog; path = Assets.xcassets; sourceTree = "<group>"; };
		2AAC1C0A27B700420021A7E5 /* Base */ = {isa = PBXFileReference; lastKnownFileType = file.storyboard; name = Base; path = Base.lproj/LaunchScreen.storyboard; sourceTree = "<group>"; };
		2AAC1C0C27B700420021A7E5 /* Info.plist */ = {isa = PBXFileReference; lastKnownFileType = text.plist.xml; path = Info.plist; sourceTree = "<group>"; };
		2AAC1C1127B700420021A7E5 /* MACAQ-HQTests.xctest */ = {isa = PBXFileReference; explicitFileType = wrapper.cfbundle; includeInIndex = 0; path = "MACAQ-HQTests.xctest"; sourceTree = BUILT_PRODUCTS_DIR; };
		2AAC1C1527B700420021A7E5 /* MACAQ_HQTests.swift */ = {isa = PBXFileReference; lastKnownFileType = sourcecode.swift; path = MACAQ_HQTests.swift; sourceTree = "<group>"; };
		2AAC1C1B27B700420021A7E5 /* MACAQ-HQUITests.xctest */ = {isa = PBXFileReference; explicitFileType = wrapper.cfbundle; includeInIndex = 0; path = "MACAQ-HQUITests.xctest"; sourceTree = BUILT_PRODUCTS_DIR; };
		2AAC1C1F27B700430021A7E5 /* MACAQ_HQUITests.swift */ = {isa = PBXFileReference; lastKnownFileType = sourcecode.swift; path = MACAQ_HQUITests.swift; sourceTree = "<group>"; };
		2AAC1C2127B700430021A7E5 /* MACAQ_HQUITestsLaunchTests.swift */ = {isa = PBXFileReference; lastKnownFileType = sourcecode.swift; path = MACAQ_HQUITestsLaunchTests.swift; sourceTree = "<group>"; };
		2AB3EF7027BAFBA5005AE044 /* CombineExtension.swift */ = {isa = PBXFileReference; lastKnownFileType = sourcecode.swift; path = CombineExtension.swift; sourceTree = "<group>"; };
		2AEA9D1527BD4811001560F7 /* ProductionModel.swift */ = {isa = PBXFileReference; lastKnownFileType = sourcecode.swift; path = ProductionModel.swift; sourceTree = "<group>"; };
		2AEA9D1727BD4A55001560F7 /* CompletionNetworkManager.swift */ = {isa = PBXFileReference; lastKnownFileType = sourcecode.swift; path = CompletionNetworkManager.swift; sourceTree = "<group>"; };
		2AEA9D1927BD4A7A001560F7 /* NetworkError.swift */ = {isa = PBXFileReference; lastKnownFileType = sourcecode.swift; path = NetworkError.swift; sourceTree = "<group>"; };
		2AEA9D1B27BD5106001560F7 /* ViewModelCompletion.swift */ = {isa = PBXFileReference; lastKnownFileType = sourcecode.swift; path = ViewModelCompletion.swift; sourceTree = "<group>"; };
		2AEA9D1D27BD73DB001560F7 /* ProductionCompanyCollectionViewCell.swift */ = {isa = PBXFileReference; lastKnownFileType = sourcecode.swift; path = ProductionCompanyCollectionViewCell.swift; sourceTree = "<group>"; };
/* End PBXFileReference section */

/* Begin PBXFrameworksBuildPhase section */
		2AAC1BF527B700400021A7E5 /* Frameworks */ = {
			isa = PBXFrameworksBuildPhase;
			buildActionMask = 2147483647;
			files = (
			);
			runOnlyForDeploymentPostprocessing = 0;
		};
		2AAC1C0E27B700420021A7E5 /* Frameworks */ = {
			isa = PBXFrameworksBuildPhase;
			buildActionMask = 2147483647;
			files = (
			);
			runOnlyForDeploymentPostprocessing = 0;
		};
		2AAC1C1827B700420021A7E5 /* Frameworks */ = {
			isa = PBXFrameworksBuildPhase;
			buildActionMask = 2147483647;
			files = (
			);
			runOnlyForDeploymentPostprocessing = 0;
		};
/* End PBXFrameworksBuildPhase section */

/* Begin PBXGroup section */
		2A49071F27B97E770046FE3B /* Extension */ = {
			isa = PBXGroup;
			children = (
				2A49072027B97E930046FE3B /* UIImageExtension.swift */,
				2AB3EF7027BAFBA5005AE044 /* CombineExtension.swift */,
			);
			path = Extension;
			sourceTree = "<group>";
		};
		2AAC1BEF27B700400021A7E5 = {
			isa = PBXGroup;
			children = (
				2AAC1BFA27B700400021A7E5 /* MACAQ-HQ */,
				2AAC1C1427B700420021A7E5 /* MACAQ-HQTests */,
				2AAC1C1E27B700420021A7E5 /* MACAQ-HQUITests */,
				2AAC1BF927B700400021A7E5 /* Products */,
			);
			sourceTree = "<group>";
		};
		2AAC1BF927B700400021A7E5 /* Products */ = {
			isa = PBXGroup;
			children = (
				2AAC1BF827B700400021A7E5 /* MACAQ-HQ.app */,
				2AAC1C1127B700420021A7E5 /* MACAQ-HQTests.xctest */,
				2AAC1C1B27B700420021A7E5 /* MACAQ-HQUITests.xctest */,
			);
			name = Products;
			sourceTree = "<group>";
		};
		2AAC1BFA27B700400021A7E5 /* MACAQ-HQ */ = {
			isa = PBXGroup;
			children = (
				2AAC1C3327B700C60021A7E5 /* App */,
				2AAC1C3227B700C00021A7E5 /* Asset */,
				2A49071F27B97E770046FE3B /* Extension */,
				2AAC1C3427B700E20021A7E5 /* CoreData */,
				2AAC1C3127B700B70021A7E5 /* Networking */,
				2AAC1C3027B7006C0021A7E5 /* ViewModel */,
				2AAC1C2F27B700610021A7E5 /* Model */,
				2AAC1C2E27B7005A0021A7E5 /* View */,
				2AAC1C0C27B700420021A7E5 /* Info.plist */,
			);
			path = "MACAQ-HQ";
			sourceTree = "<group>";
		};
		2AAC1C1427B700420021A7E5 /* MACAQ-HQTests */ = {
			isa = PBXGroup;
			children = (
				2AAC1C1527B700420021A7E5 /* MACAQ_HQTests.swift */,
			);
			path = "MACAQ-HQTests";
			sourceTree = "<group>";
		};
		2AAC1C1E27B700420021A7E5 /* MACAQ-HQUITests */ = {
			isa = PBXGroup;
			children = (
				2AAC1C1F27B700430021A7E5 /* MACAQ_HQUITests.swift */,
				2AAC1C2127B700430021A7E5 /* MACAQ_HQUITestsLaunchTests.swift */,
			);
			path = "MACAQ-HQUITests";
			sourceTree = "<group>";
		};
		2AAC1C2E27B7005A0021A7E5 /* View */ = {
			isa = PBXGroup;
			children = (
				2AAC1C3627B701380021A7E5 /* ViewCell */,
				2AAC1C3527B7012F0021A7E5 /* ViewController */,
			);
			path = View;
			sourceTree = "<group>";
		};
		2AAC1C2F27B700610021A7E5 /* Model */ = {
			isa = PBXGroup;
			children = (
				2A49071627B965720046FE3B /* MovieModel.swift */,
				2AEA9D1527BD4811001560F7 /* ProductionModel.swift */,
			);
			path = Model;
			sourceTree = "<group>";
		};
		2AAC1C3027B7006C0021A7E5 /* ViewModel */ = {
			isa = PBXGroup;
			children = (
				2A49071427B965470046FE3B /* ViewModelCombine.swift */,
				2AEA9D1B27BD5106001560F7 /* ViewModelCompletion.swift */,
			);
			path = ViewModel;
			sourceTree = "<group>";
		};
		2AAC1C3127B700B70021A7E5 /* Networking */ = {
			isa = PBXGroup;
			children = (
				2A49071027B9622C0046FE3B /* CombineNetworkManager.swift */,
				2A49071227B962400046FE3B /* NetworkUrls.swift */,
				2AEA9D1727BD4A55001560F7 /* CompletionNetworkManager.swift */,
				2AEA9D1927BD4A7A001560F7 /* NetworkError.swift */,
			);
			path = Networking;
			sourceTree = "<group>";
		};
		2AAC1C3227B700C00021A7E5 /* Asset */ = {
			isa = PBXGroup;
			children = (
				2AAC1C0727B700420021A7E5 /* Assets.xcassets */,
				2AAC1C0927B700420021A7E5 /* LaunchScreen.storyboard */,
			);
			path = Asset;
			sourceTree = "<group>";
		};
		2AAC1C3327B700C60021A7E5 /* App */ = {
			isa = PBXGroup;
			children = (
				2AAC1BFB27B700400021A7E5 /* AppDelegate.swift */,
				2AAC1BFD27B700400021A7E5 /* SceneDelegate.swift */,
			);
			path = App;
			sourceTree = "<group>";
		};
		2AAC1C3427B700E20021A7E5 /* CoreData */ = {
			isa = PBXGroup;
			children = (
				2AAC1C0427B700400021A7E5 /* MACAQ_HQ.xcdatamodeld */,
			);
			path = CoreData;
			sourceTree = "<group>";
		};
		2AAC1C3527B7012F0021A7E5 /* ViewController */ = {
			isa = PBXGroup;
			children = (
				2AAC1BFF27B700400021A7E5 /* InitialViewController.swift */,
				2A38FF4B27B74B6500292305 /* MoviesViewController.swift */,
				2A38FF4D27B74B9700292305 /* MovieDetailViewController.swift */,
			);
			path = ViewController;
			sourceTree = "<group>";
		};
		2AAC1C3627B701380021A7E5 /* ViewCell */ = {
			isa = PBXGroup;
			children = (
				2A49070E27B8C1B10046FE3B /* MoviewTableViewCell.swift */,
				2AEA9D1D27BD73DB001560F7 /* ProductionCompanyCollectionViewCell.swift */,
			);
			path = ViewCell;
			sourceTree = "<group>";
		};
/* End PBXGroup section */

/* Begin PBXNativeTarget section */
		2AAC1BF727B700400021A7E5 /* MACAQ-HQ */ = {
			isa = PBXNativeTarget;
			buildConfigurationList = 2AAC1C2527B700430021A7E5 /* Build configuration list for PBXNativeTarget "MACAQ-HQ" */;
			buildPhases = (
				2AAC1BF427B700400021A7E5 /* Sources */,
				2AAC1BF527B700400021A7E5 /* Frameworks */,
				2AAC1BF627B700400021A7E5 /* Resources */,
			);
			buildRules = (
			);
			dependencies = (
			);
			name = "MACAQ-HQ";
			productName = "MACAQ-HQ";
			productReference = 2AAC1BF827B700400021A7E5 /* MACAQ-HQ.app */;
			productType = "com.apple.product-type.application";
		};
		2AAC1C1027B700420021A7E5 /* MACAQ-HQTests */ = {
			isa = PBXNativeTarget;
			buildConfigurationList = 2AAC1C2827B700430021A7E5 /* Build configuration list for PBXNativeTarget "MACAQ-HQTests" */;
			buildPhases = (
				2AAC1C0D27B700420021A7E5 /* Sources */,
				2AAC1C0E27B700420021A7E5 /* Frameworks */,
				2AAC1C0F27B700420021A7E5 /* Resources */,
			);
			buildRules = (
			);
			dependencies = (
				2AAC1C1327B700420021A7E5 /* PBXTargetDependency */,
			);
			name = "MACAQ-HQTests";
			productName = "MACAQ-HQTests";
			productReference = 2AAC1C1127B700420021A7E5 /* MACAQ-HQTests.xctest */;
			productType = "com.apple.product-type.bundle.unit-test";
		};
		2AAC1C1A27B700420021A7E5 /* MACAQ-HQUITests */ = {
			isa = PBXNativeTarget;
			buildConfigurationList = 2AAC1C2B27B700430021A7E5 /* Build configuration list for PBXNativeTarget "MACAQ-HQUITests" */;
			buildPhases = (
				2AAC1C1727B700420021A7E5 /* Sources */,
				2AAC1C1827B700420021A7E5 /* Frameworks */,
				2AAC1C1927B700420021A7E5 /* Resources */,
			);
			buildRules = (
			);
			dependencies = (
				2AAC1C1D27B700420021A7E5 /* PBXTargetDependency */,
			);
			name = "MACAQ-HQUITests";
			productName = "MACAQ-HQUITests";
			productReference = 2AAC1C1B27B700420021A7E5 /* MACAQ-HQUITests.xctest */;
			productType = "com.apple.product-type.bundle.ui-testing";
		};
/* End PBXNativeTarget section */

/* Begin PBXProject section */
		2AAC1BF027B700400021A7E5 /* Project object */ = {
			isa = PBXProject;
			attributes = {
				BuildIndependentTargetsInParallel = 1;
				LastSwiftUpdateCheck = 1320;
				LastUpgradeCheck = 1320;
				TargetAttributes = {
					2AAC1BF727B700400021A7E5 = {
						CreatedOnToolsVersion = 13.2.1;
					};
					2AAC1C1027B700420021A7E5 = {
						CreatedOnToolsVersion = 13.2.1;
						TestTargetID = 2AAC1BF727B700400021A7E5;
					};
					2AAC1C1A27B700420021A7E5 = {
						CreatedOnToolsVersion = 13.2.1;
						TestTargetID = 2AAC1BF727B700400021A7E5;
					};
				};
			};
			buildConfigurationList = 2AAC1BF327B700400021A7E5 /* Build configuration list for PBXProject "MACAQ-HQ" */;
			compatibilityVersion = "Xcode 13.0";
			developmentRegion = en;
			hasScannedForEncodings = 0;
			knownRegions = (
				en,
				Base,
			);
			mainGroup = 2AAC1BEF27B700400021A7E5;
			productRefGroup = 2AAC1BF927B700400021A7E5 /* Products */;
			projectDirPath = "";
			projectRoot = "";
			targets = (
				2AAC1BF727B700400021A7E5 /* MACAQ-HQ */,
				2AAC1C1027B700420021A7E5 /* MACAQ-HQTests */,
				2AAC1C1A27B700420021A7E5 /* MACAQ-HQUITests */,
			);
		};
/* End PBXProject section */

/* Begin PBXResourcesBuildPhase section */
		2AAC1BF627B700400021A7E5 /* Resources */ = {
			isa = PBXResourcesBuildPhase;
			buildActionMask = 2147483647;
			files = (
				2AAC1C0B27B700420021A7E5 /* LaunchScreen.storyboard in Resources */,
				2AAC1C0827B700420021A7E5 /* Assets.xcassets in Resources */,
			);
			runOnlyForDeploymentPostprocessing = 0;
		};
		2AAC1C0F27B700420021A7E5 /* Resources */ = {
			isa = PBXResourcesBuildPhase;
			buildActionMask = 2147483647;
			files = (
			);
			runOnlyForDeploymentPostprocessing = 0;
		};
		2AAC1C1927B700420021A7E5 /* Resources */ = {
			isa = PBXResourcesBuildPhase;
			buildActionMask = 2147483647;
			files = (
			);
			runOnlyForDeploymentPostprocessing = 0;
		};
/* End PBXResourcesBuildPhase section */

/* Begin PBXSourcesBuildPhase section */
		2AAC1BF427B700400021A7E5 /* Sources */ = {
			isa = PBXSourcesBuildPhase;
			buildActionMask = 2147483647;
			files = (
				2AEA9D1827BD4A55001560F7 /* CompletionNetworkManager.swift in Sources */,
				2AEA9D1A27BD4A7A001560F7 /* NetworkError.swift in Sources */,
				2A49071727B965720046FE3B /* MovieModel.swift in Sources */,
				2A49071527B965470046FE3B /* ViewModelCombine.swift in Sources */,
				2AAC1C0627B700400021A7E5 /* MACAQ_HQ.xcdatamodeld in Sources */,
				2A38FF4C27B74B6500292305 /* MoviesViewController.swift in Sources */,
				2AEA9D1C27BD5106001560F7 /* ViewModelCompletion.swift in Sources */,
				2AAC1C0027B700400021A7E5 /* InitialViewController.swift in Sources */,
				2A49070F27B8C1B10046FE3B /* MoviewTableViewCell.swift in Sources */,
				2A49071127B9622C0046FE3B /* CombineNetworkManager.swift in Sources */,
				2AAC1BFC27B700400021A7E5 /* AppDelegate.swift in Sources */,
				2A38FF4E27B74B9700292305 /* MovieDetailViewController.swift in Sources */,
				2A49071327B962400046FE3B /* NetworkUrls.swift in Sources */,
				2AEA9D1E27BD73DB001560F7 /* ProductionCompanyCollectionViewCell.swift in Sources */,
				2AEA9D1627BD4811001560F7 /* ProductionModel.swift in Sources */,
				2AAC1BFE27B700400021A7E5 /* SceneDelegate.swift in Sources */,
				2A49072127B97E930046FE3B /* UIImageExtension.swift in Sources */,
				2AB3EF7127BAFBA5005AE044 /* CombineExtension.swift in Sources */,
			);
			runOnlyForDeploymentPostprocessing = 0;
		};
		2AAC1C0D27B700420021A7E5 /* Sources */ = {
			isa = PBXSourcesBuildPhase;
			buildActionMask = 2147483647;
			files = (
				2AAC1C1627B700420021A7E5 /* MACAQ_HQTests.swift in Sources */,
			);
			runOnlyForDeploymentPostprocessing = 0;
		};
		2AAC1C1727B700420021A7E5 /* Sources */ = {
			isa = PBXSourcesBuildPhase;
			buildActionMask = 2147483647;
			files = (
				2AAC1C2227B700430021A7E5 /* MACAQ_HQUITestsLaunchTests.swift in Sources */,
				2AAC1C2027B700430021A7E5 /* MACAQ_HQUITests.swift in Sources */,
			);
			runOnlyForDeploymentPostprocessing = 0;
		};
/* End PBXSourcesBuildPhase section */

/* Begin PBXTargetDependency section */
		2AAC1C1327B700420021A7E5 /* PBXTargetDependency */ = {
			isa = PBXTargetDependency;
			target = 2AAC1BF727B700400021A7E5 /* MACAQ-HQ */;
			targetProxy = 2AAC1C1227B700420021A7E5 /* PBXContainerItemProxy */;
		};
		2AAC1C1D27B700420021A7E5 /* PBXTargetDependency */ = {
			isa = PBXTargetDependency;
			target = 2AAC1BF727B700400021A7E5 /* MACAQ-HQ */;
			targetProxy = 2AAC1C1C27B700420021A7E5 /* PBXContainerItemProxy */;
		};
/* End PBXTargetDependency section */

/* Begin PBXVariantGroup section */
		2AAC1C0927B700420021A7E5 /* LaunchScreen.storyboard */ = {
			isa = PBXVariantGroup;
			children = (
				2AAC1C0A27B700420021A7E5 /* Base */,
			);
			name = LaunchScreen.storyboard;
			sourceTree = "<group>";
		};
/* End PBXVariantGroup section */

/* Begin XCBuildConfiguration section */
		2AAC1C2327B700430021A7E5 /* Debug */ = {
			isa = XCBuildConfiguration;
			buildSettings = {
				ALWAYS_SEARCH_USER_PATHS = NO;
				CLANG_ANALYZER_NONNULL = YES;
				CLANG_ANALYZER_NUMBER_OBJECT_CONVERSION = YES_AGGRESSIVE;
				CLANG_CXX_LANGUAGE_STANDARD = "gnu++17";
				CLANG_CXX_LIBRARY = "libc++";
				CLANG_ENABLE_MODULES = YES;
				CLANG_ENABLE_OBJC_ARC = YES;
				CLANG_ENABLE_OBJC_WEAK = YES;
				CLANG_WARN_BLOCK_CAPTURE_AUTORELEASING = YES;
				CLANG_WARN_BOOL_CONVERSION = YES;
				CLANG_WARN_COMMA = YES;
				CLANG_WARN_CONSTANT_CONVERSION = YES;
				CLANG_WARN_DEPRECATED_OBJC_IMPLEMENTATIONS = YES;
				CLANG_WARN_DIRECT_OBJC_ISA_USAGE = YES_ERROR;
				CLANG_WARN_DOCUMENTATION_COMMENTS = YES;
				CLANG_WARN_EMPTY_BODY = YES;
				CLANG_WARN_ENUM_CONVERSION = YES;
				CLANG_WARN_INFINITE_RECURSION = YES;
				CLANG_WARN_INT_CONVERSION = YES;
				CLANG_WARN_NON_LITERAL_NULL_CONVERSION = YES;
				CLANG_WARN_OBJC_IMPLICIT_RETAIN_SELF = YES;
				CLANG_WARN_OBJC_LITERAL_CONVERSION = YES;
				CLANG_WARN_OBJC_ROOT_CLASS = YES_ERROR;
				CLANG_WARN_QUOTED_INCLUDE_IN_FRAMEWORK_HEADER = YES;
				CLANG_WARN_RANGE_LOOP_ANALYSIS = YES;
				CLANG_WARN_STRICT_PROTOTYPES = YES;
				CLANG_WARN_SUSPICIOUS_MOVE = YES;
				CLANG_WARN_UNGUARDED_AVAILABILITY = YES_AGGRESSIVE;
				CLANG_WARN_UNREACHABLE_CODE = YES;
				CLANG_WARN__DUPLICATE_METHOD_MATCH = YES;
				COPY_PHASE_STRIP = NO;
				DEBUG_INFORMATION_FORMAT = dwarf;
				ENABLE_STRICT_OBJC_MSGSEND = YES;
				ENABLE_TESTABILITY = YES;
				GCC_C_LANGUAGE_STANDARD = gnu11;
				GCC_DYNAMIC_NO_PIC = NO;
				GCC_NO_COMMON_BLOCKS = YES;
				GCC_OPTIMIZATION_LEVEL = 0;
				GCC_PREPROCESSOR_DEFINITIONS = (
					"DEBUG=1",
					"$(inherited)",
				);
				GCC_WARN_64_TO_32_BIT_CONVERSION = YES;
				GCC_WARN_ABOUT_RETURN_TYPE = YES_ERROR;
				GCC_WARN_UNDECLARED_SELECTOR = YES;
				GCC_WARN_UNINITIALIZED_AUTOS = YES_AGGRESSIVE;
				GCC_WARN_UNUSED_FUNCTION = YES;
				GCC_WARN_UNUSED_VARIABLE = YES;
				IPHONEOS_DEPLOYMENT_TARGET = 15.2;
				MTL_ENABLE_DEBUG_INFO = INCLUDE_SOURCE;
				MTL_FAST_MATH = YES;
				ONLY_ACTIVE_ARCH = YES;
				SDKROOT = iphoneos;
				SWIFT_ACTIVE_COMPILATION_CONDITIONS = DEBUG;
				SWIFT_OPTIMIZATION_LEVEL = "-Onone";
			};
			name = Debug;
		};
		2AAC1C2427B700430021A7E5 /* Release */ = {
			isa = XCBuildConfiguration;
			buildSettings = {
				ALWAYS_SEARCH_USER_PATHS = NO;
				CLANG_ANALYZER_NONNULL = YES;
				CLANG_ANALYZER_NUMBER_OBJECT_CONVERSION = YES_AGGRESSIVE;
				CLANG_CXX_LANGUAGE_STANDARD = "gnu++17";
				CLANG_CXX_LIBRARY = "libc++";
				CLANG_ENABLE_MODULES = YES;
				CLANG_ENABLE_OBJC_ARC = YES;
				CLANG_ENABLE_OBJC_WEAK = YES;
				CLANG_WARN_BLOCK_CAPTURE_AUTORELEASING = YES;
				CLANG_WARN_BOOL_CONVERSION = YES;
				CLANG_WARN_COMMA = YES;
				CLANG_WARN_CONSTANT_CONVERSION = YES;
				CLANG_WARN_DEPRECATED_OBJC_IMPLEMENTATIONS = YES;
				CLANG_WARN_DIRECT_OBJC_ISA_USAGE = YES_ERROR;
				CLANG_WARN_DOCUMENTATION_COMMENTS = YES;
				CLANG_WARN_EMPTY_BODY = YES;
				CLANG_WARN_ENUM_CONVERSION = YES;
				CLANG_WARN_INFINITE_RECURSION = YES;
				CLANG_WARN_INT_CONVERSION = YES;
				CLANG_WARN_NON_LITERAL_NULL_CONVERSION = YES;
				CLANG_WARN_OBJC_IMPLICIT_RETAIN_SELF = YES;
				CLANG_WARN_OBJC_LITERAL_CONVERSION = YES;
				CLANG_WARN_OBJC_ROOT_CLASS = YES_ERROR;
				CLANG_WARN_QUOTED_INCLUDE_IN_FRAMEWORK_HEADER = YES;
				CLANG_WARN_RANGE_LOOP_ANALYSIS = YES;
				CLANG_WARN_STRICT_PROTOTYPES = YES;
				CLANG_WARN_SUSPICIOUS_MOVE = YES;
				CLANG_WARN_UNGUARDED_AVAILABILITY = YES_AGGRESSIVE;
				CLANG_WARN_UNREACHABLE_CODE = YES;
				CLANG_WARN__DUPLICATE_METHOD_MATCH = YES;
				COPY_PHASE_STRIP = NO;
				DEBUG_INFORMATION_FORMAT = "dwarf-with-dsym";
				ENABLE_NS_ASSERTIONS = NO;
				ENABLE_STRICT_OBJC_MSGSEND = YES;
				GCC_C_LANGUAGE_STANDARD = gnu11;
				GCC_NO_COMMON_BLOCKS = YES;
				GCC_WARN_64_TO_32_BIT_CONVERSION = YES;
				GCC_WARN_ABOUT_RETURN_TYPE = YES_ERROR;
				GCC_WARN_UNDECLARED_SELECTOR = YES;
				GCC_WARN_UNINITIALIZED_AUTOS = YES_AGGRESSIVE;
				GCC_WARN_UNUSED_FUNCTION = YES;
				GCC_WARN_UNUSED_VARIABLE = YES;
				IPHONEOS_DEPLOYMENT_TARGET = 15.2;
				MTL_ENABLE_DEBUG_INFO = NO;
				MTL_FAST_MATH = YES;
				SDKROOT = iphoneos;
				SWIFT_COMPILATION_MODE = wholemodule;
				SWIFT_OPTIMIZATION_LEVEL = "-O";
				VALIDATE_PRODUCT = YES;
			};
			name = Release;
		};
		2AAC1C2627B700430021A7E5 /* Debug */ = {
			isa = XCBuildConfiguration;
			buildSettings = {
				ASSETCATALOG_COMPILER_APPICON_NAME = AppIcon;
				ASSETCATALOG_COMPILER_GLOBAL_ACCENT_COLOR_NAME = AccentColor;
				CODE_SIGN_STYLE = Automatic;
				CURRENT_PROJECT_VERSION = 1;
				DEVELOPMENT_TEAM = 7HR75ZCV8P;
				GENERATE_INFOPLIST_FILE = YES;
				INFOPLIST_FILE = "MACAQ-HQ/Info.plist";
				INFOPLIST_KEY_UIApplicationSupportsIndirectInputEvents = YES;
				INFOPLIST_KEY_UILaunchStoryboardName = LaunchScreen;
				INFOPLIST_KEY_UISupportedInterfaceOrientations_iPad = "UIInterfaceOrientationPortrait UIInterfaceOrientationPortraitUpsideDown UIInterfaceOrientationLandscapeLeft UIInterfaceOrientationLandscapeRight";
				INFOPLIST_KEY_UISupportedInterfaceOrientations_iPhone = "UIInterfaceOrientationPortrait UIInterfaceOrientationLandscapeLeft UIInterfaceOrientationLandscapeRight";
				LD_RUNPATH_SEARCH_PATHS = (
					"$(inherited)",
					"@executable_path/Frameworks",
				);
				MARKETING_VERSION = 1.0;
				PRODUCT_BUNDLE_IDENTIFIER = "com.alquraini.MACAQ-HQ";
				PRODUCT_NAME = "$(TARGET_NAME)";
				SWIFT_EMIT_LOC_STRINGS = YES;
				SWIFT_VERSION = 5.0;
				TARGETED_DEVICE_FAMILY = "1,2";
			};
			name = Debug;
		};
		2AAC1C2727B700430021A7E5 /* Release */ = {
			isa = XCBuildConfiguration;
			buildSettings = {
				ASSETCATALOG_COMPILER_APPICON_NAME = AppIcon;
				ASSETCATALOG_COMPILER_GLOBAL_ACCENT_COLOR_NAME = AccentColor;
				CODE_SIGN_STYLE = Automatic;
				CURRENT_PROJECT_VERSION = 1;
				DEVELOPMENT_TEAM = 7HR75ZCV8P;
				GENERATE_INFOPLIST_FILE = YES;
				INFOPLIST_FILE = "MACAQ-HQ/Info.plist";
				INFOPLIST_KEY_UIApplicationSupportsIndirectInputEvents = YES;
				INFOPLIST_KEY_UILaunchStoryboardName = LaunchScreen;
				INFOPLIST_KEY_UISupportedInterfaceOrientations_iPad = "UIInterfaceOrientationPortrait UIInterfaceOrientationPortraitUpsideDown UIInterfaceOrientationLandscapeLeft UIInterfaceOrientationLandscapeRight";
				INFOPLIST_KEY_UISupportedInterfaceOrientations_iPhone = "UIInterfaceOrientationPortrait UIInterfaceOrientationLandscapeLeft UIInterfaceOrientationLandscapeRight";
				LD_RUNPATH_SEARCH_PATHS = (
					"$(inherited)",
					"@executable_path/Frameworks",
				);
				MARKETING_VERSION = 1.0;
				PRODUCT_BUNDLE_IDENTIFIER = "com.alquraini.MACAQ-HQ";
				PRODUCT_NAME = "$(TARGET_NAME)";
				SWIFT_EMIT_LOC_STRINGS = YES;
				SWIFT_VERSION = 5.0;
				TARGETED_DEVICE_FAMILY = "1,2";
			};
			name = Release;
		};
		2AAC1C2927B700430021A7E5 /* Debug */ = {
			isa = XCBuildConfiguration;
			buildSettings = {
				ALWAYS_EMBED_SWIFT_STANDARD_LIBRARIES = YES;
				BUNDLE_LOADER = "$(TEST_HOST)";
				CODE_SIGN_STYLE = Automatic;
				CURRENT_PROJECT_VERSION = 1;
				DEVELOPMENT_TEAM = 7HR75ZCV8P;
				GENERATE_INFOPLIST_FILE = YES;
				IPHONEOS_DEPLOYMENT_TARGET = 15.2;
				MARKETING_VERSION = 1.0;
				PRODUCT_BUNDLE_IDENTIFIER = "com.alquraini.MACAQ-HQTests";
				PRODUCT_NAME = "$(TARGET_NAME)";
				SWIFT_EMIT_LOC_STRINGS = NO;
				SWIFT_VERSION = 5.0;
				TARGETED_DEVICE_FAMILY = "1,2";
				TEST_HOST = "$(BUILT_PRODUCTS_DIR)/MACAQ-HQ.app/MACAQ-HQ";
			};
			name = Debug;
		};
		2AAC1C2A27B700430021A7E5 /* Release */ = {
			isa = XCBuildConfiguration;
			buildSettings = {
				ALWAYS_EMBED_SWIFT_STANDARD_LIBRARIES = YES;
				BUNDLE_LOADER = "$(TEST_HOST)";
				CODE_SIGN_STYLE = Automatic;
				CURRENT_PROJECT_VERSION = 1;
				DEVELOPMENT_TEAM = 7HR75ZCV8P;
				GENERATE_INFOPLIST_FILE = YES;
				IPHONEOS_DEPLOYMENT_TARGET = 15.2;
				MARKETING_VERSION = 1.0;
				PRODUCT_BUNDLE_IDENTIFIER = "com.alquraini.MACAQ-HQTests";
				PRODUCT_NAME = "$(TARGET_NAME)";
				SWIFT_EMIT_LOC_STRINGS = NO;
				SWIFT_VERSION = 5.0;
				TARGETED_DEVICE_FAMILY = "1,2";
				TEST_HOST = "$(BUILT_PRODUCTS_DIR)/MACAQ-HQ.app/MACAQ-HQ";
			};
			name = Release;
		};
		2AAC1C2C27B700430021A7E5 /* Debug */ = {
			isa = XCBuildConfiguration;
			buildSettings = {
				ALWAYS_EMBED_SWIFT_STANDARD_LIBRARIES = YES;
				CODE_SIGN_STYLE = Automatic;
				CURRENT_PROJECT_VERSION = 1;
				DEVELOPMENT_TEAM = 7HR75ZCV8P;
				GENERATE_INFOPLIST_FILE = YES;
				MARKETING_VERSION = 1.0;
				PRODUCT_BUNDLE_IDENTIFIER = "com.alquraini.MACAQ-HQUITests";
				PRODUCT_NAME = "$(TARGET_NAME)";
				SWIFT_EMIT_LOC_STRINGS = NO;
				SWIFT_VERSION = 5.0;
				TARGETED_DEVICE_FAMILY = "1,2";
				TEST_TARGET_NAME = "MACAQ-HQ";
			};
			name = Debug;
		};
		2AAC1C2D27B700430021A7E5 /* Release */ = {
			isa = XCBuildConfiguration;
			buildSettings = {
				ALWAYS_EMBED_SWIFT_STANDARD_LIBRARIES = YES;
				CODE_SIGN_STYLE = Automatic;
				CURRENT_PROJECT_VERSION = 1;
				DEVELOPMENT_TEAM = 7HR75ZCV8P;
				GENERATE_INFOPLIST_FILE = YES;
				MARKETING_VERSION = 1.0;
				PRODUCT_BUNDLE_IDENTIFIER = "com.alquraini.MACAQ-HQUITests";
				PRODUCT_NAME = "$(TARGET_NAME)";
				SWIFT_EMIT_LOC_STRINGS = NO;
				SWIFT_VERSION = 5.0;
				TARGETED_DEVICE_FAMILY = "1,2";
				TEST_TARGET_NAME = "MACAQ-HQ";
			};
			name = Release;
		};
/* End XCBuildConfiguration section */

/* Begin XCConfigurationList section */
		2AAC1BF327B700400021A7E5 /* Build configuration list for PBXProject "MACAQ-HQ" */ = {
			isa = XCConfigurationList;
			buildConfigurations = (
				2AAC1C2327B700430021A7E5 /* Debug */,
				2AAC1C2427B700430021A7E5 /* Release */,
			);
			defaultConfigurationIsVisible = 0;
			defaultConfigurationName = Release;
		};
		2AAC1C2527B700430021A7E5 /* Build configuration list for PBXNativeTarget "MACAQ-HQ" */ = {
			isa = XCConfigurationList;
			buildConfigurations = (
				2AAC1C2627B700430021A7E5 /* Debug */,
				2AAC1C2727B700430021A7E5 /* Release */,
			);
			defaultConfigurationIsVisible = 0;
			defaultConfigurationName = Release;
		};
		2AAC1C2827B700430021A7E5 /* Build configuration list for PBXNativeTarget "MACAQ-HQTests" */ = {
			isa = XCConfigurationList;
			buildConfigurations = (
				2AAC1C2927B700430021A7E5 /* Debug */,
				2AAC1C2A27B700430021A7E5 /* Release */,
			);
			defaultConfigurationIsVisible = 0;
			defaultConfigurationName = Release;
		};
		2AAC1C2B27B700430021A7E5 /* Build configuration list for PBXNativeTarget "MACAQ-HQUITests" */ = {
			isa = XCConfigurationList;
			buildConfigurations = (
				2AAC1C2C27B700430021A7E5 /* Debug */,
				2AAC1C2D27B700430021A7E5 /* Release */,
			);
			defaultConfigurationIsVisible = 0;
			defaultConfigurationName = Release;
		};
/* End XCConfigurationList section */

/* Begin XCVersionGroup section */
		2AAC1C0427B700400021A7E5 /* MACAQ_HQ.xcdatamodeld */ = {
			isa = XCVersionGroup;
			children = (
				2AAC1C0527B700400021A7E5 /* MACAQ_HQ.xcdatamodel */,
			);
			currentVersion = 2AAC1C0527B700400021A7E5 /* MACAQ_HQ.xcdatamodel */;
			path = MACAQ_HQ.xcdatamodeld;
			sourceTree = "<group>";
			versionGroupType = wrapper.xcdatamodel;
		};
/* End XCVersionGroup section */
	};
	rootObject = 2AAC1BF027B700400021A7E5 /* Project object */;
}
